// !$*UTF8*$!
{
	archiveVersion = 1;
	classes = {
	};
	objectVersion = 77;
	objects = {

/* Begin PBXBuildFile section */
		0A2820723DC8B5742462D9A8 /* PublicationSearchService.swift in Sources */ = {isa = PBXBuildFile; fileRef = C9E0572DB334A4316351219C /* PublicationSearchService.swift */; };
		16EC150A297EEDA3D3AF7E46 /* BookMetadataEditor.swift in Sources */ = {isa = PBXBuildFile; fileRef = C2D6F4C17159F612F6D59CF9 /* BookMetadataEditor.swift */; };
		2E318871EB2FBD27F151E157 /* PortableLibraryDocument.swift in Sources */ = {isa = PBXBuildFile; fileRef = 7A793CB4C6B40772782DBCFB /* PortableLibraryDocument.swift */; };
		398D2A09D3126CAFFCFE0B00 /* LocalLibraryRepository.swift in Sources */ = {isa = PBXBuildFile; fileRef = FA499FF391D3BD366C109967 /* LocalLibraryRepository.swift */; };
		417DEAA268458A6541BD7C10 /* BookDetailView.swift in Sources */ = {isa = PBXBuildFile; fileRef = ABD8BFE6D73C6A27679CEE88 /* BookDetailView.swift */; };
		431BF93F57537BECB54738DA /* HomeView.swift in Sources */ = {isa = PBXBuildFile; fileRef = 94357B64186DB854B040E9E6 /* HomeView.swift */; };
		48386931E0AB1D0D96F463F5 /* ReaderView.swift in Sources */ = {isa = PBXBuildFile; fileRef = 48BE9F12990929870DBAF671 /* ReaderView.swift */; };
		51D335C1211D89ADEB278F05 /* SidebarView.swift in Sources */ = {isa = PBXBuildFile; fileRef = C058C58364BF8B28BA69C9A3 /* SidebarView.swift */; };
		53D20A975A53ECD2001C0490 /* GlassleafApp.swift in Sources */ = {isa = PBXBuildFile; fileRef = FE862DF707A036A3A423F20C /* GlassleafApp.swift */; };
		54AAC2A7140429F4D3EB2F5D /* LibraryStore.swift in Sources */ = {isa = PBXBuildFile; fileRef = 320945BB73FF5890E9635ACD /* LibraryStore.swift */; };
		6A0B08C7B299373421EA1762 /* GlassleafDomain in Frameworks */ = {isa = PBXBuildFile; productRef = F710918C6DDF27ABBC6ECC8E /* GlassleafDomain */; };
		7B90F52883B174C6E46116C2 /* ReaderSample.swift in Sources */ = {isa = PBXBuildFile; fileRef = 2BEEF7115371C191B9B4C635 /* ReaderSample.swift */; };
		887F6F594441696C2C1D4CE8 /* EPUBContentsView.swift in Sources */ = {isa = PBXBuildFile; fileRef = B7BBBEF3C1B73F3629AB08A7 /* EPUBContentsView.swift */; };
		8A7F33C9ED6236CF8E662D1C /* ZIPArchive.swift in Sources */ = {isa = PBXBuildFile; fileRef = D0FA25F89C1E084F9140BA6D /* ZIPArchive.swift */; };
		9F61AEBD09E4190657FFA2CE /* EPUBParser.swift in Sources */ = {isa = PBXBuildFile; fileRef = C51BAA4C17D7B1715A69D06C /* EPUBParser.swift */; };
		A8EB88BE901D6EAD1D09E5B0 /* LocalBookImporter.swift in Sources */ = {isa = PBXBuildFile; fileRef = CECED367D1F5FBB68C89C2C5 /* LocalBookImporter.swift */; };
		AD01B64CE8AC681957CED21A /* EPUBReaderView.swift in Sources */ = {isa = PBXBuildFile; fileRef = 7B07DCBFBCC7989158C5539B /* EPUBReaderView.swift */; };
		B399D23A4B2D15C8043BAAE7 /* ReaderSettingsView.swift in Sources */ = {isa = PBXBuildFile; fileRef = 2841971642089A4E9142BBE0 /* ReaderSettingsView.swift */; };
		E1956715325F3D9C4B23E35D /* ReaderContentsView.swift in Sources */ = {isa = PBXBuildFile; fileRef = 0352684D1F52DF780A508F92 /* ReaderContentsView.swift */; };
		EAF56C921619354548BC035E /* BookComponents.swift in Sources */ = {isa = PBXBuildFile; fileRef = 49ED142E8F28846D47550C4C /* BookComponents.swift */; };
		F5434F5552F620E975D552E1 /* LibraryView.swift in Sources */ = {isa = PBXBuildFile; fileRef = 39227AA8AC817E87BBFDC357 /* LibraryView.swift */; };
		F7357CD22B5F58D51741031D /* PreviewLibrary.swift in Sources */ = {isa = PBXBuildFile; fileRef = DE21A26C830184B8B0F2CFE2 /* PreviewLibrary.swift */; };
		F7B887ED000A8066D110FFA9 /* AppRootView.swift in Sources */ = {isa = PBXBuildFile; fileRef = 72621FB648D03F473EE63DD5 /* AppRootView.swift */; };
/* End PBXBuildFile section */

/* Begin PBXFileReference section */
		0352684D1F52DF780A508F92 /* ReaderContentsView.swift */ = {isa = PBXFileReference; lastKnownFileType = sourcecode.swift; path = ReaderContentsView.swift; sourceTree = "<group>"; };
		2841971642089A4E9142BBE0 /* ReaderSettingsView.swift */ = {isa = PBXFileReference; lastKnownFileType = sourcecode.swift; path = ReaderSettingsView.swift; sourceTree = "<group>"; };
		2BEEF7115371C191B9B4C635 /* ReaderSample.swift */ = {isa = PBXFileReference; lastKnownFileType = sourcecode.swift; path = ReaderSample.swift; sourceTree = "<group>"; };
		320945BB73FF5890E9635ACD /* LibraryStore.swift */ = {isa = PBXFileReference; lastKnownFileType = sourcecode.swift; path = LibraryStore.swift; sourceTree = "<group>"; };
		39227AA8AC817E87BBFDC357 /* LibraryView.swift */ = {isa = PBXFileReference; lastKnownFileType = sourcecode.swift; path = LibraryView.swift; sourceTree = "<group>"; };
		48BE9F12990929870DBAF671 /* ReaderView.swift */ = {isa = PBXFileReference; lastKnownFileType = sourcecode.swift; path = ReaderView.swift; sourceTree = "<group>"; };
		49ED142E8F28846D47550C4C /* BookComponents.swift */ = {isa = PBXFileReference; lastKnownFileType = sourcecode.swift; path = BookComponents.swift; sourceTree = "<group>"; };
		72621FB648D03F473EE63DD5 /* AppRootView.swift */ = {isa = PBXFileReference; lastKnownFileType = sourcecode.swift; path = AppRootView.swift; sourceTree = "<group>"; };
		7314B72715874FE3CF052FDB /* domain */ = {isa = PBXFileReference; lastKnownFileType = folder; name = domain; path = ../../packages/domain; sourceTree = SOURCE_ROOT; };
		7A793CB4C6B40772782DBCFB /* PortableLibraryDocument.swift */ = {isa = PBXFileReference; lastKnownFileType = sourcecode.swift; path = PortableLibraryDocument.swift; sourceTree = "<group>"; };
		7B07DCBFBCC7989158C5539B /* EPUBReaderView.swift */ = {isa = PBXFileReference; lastKnownFileType = sourcecode.swift; path = EPUBReaderView.swift; sourceTree = "<group>"; };
		94357B64186DB854B040E9E6 /* HomeView.swift */ = {isa = PBXFileReference; lastKnownFileType = sourcecode.swift; path = HomeView.swift; sourceTree = "<group>"; };
		ABD8BFE6D73C6A27679CEE88 /* BookDetailView.swift */ = {isa = PBXFileReference; lastKnownFileType = sourcecode.swift; path = BookDetailView.swift; sourceTree = "<group>"; };
		B7BBBEF3C1B73F3629AB08A7 /* EPUBContentsView.swift */ = {isa = PBXFileReference; lastKnownFileType = sourcecode.swift; path = EPUBContentsView.swift; sourceTree = "<group>"; };
		C058C58364BF8B28BA69C9A3 /* SidebarView.swift */ = {isa = PBXFileReference; lastKnownFileType = sourcecode.swift; path = SidebarView.swift; sourceTree = "<group>"; };
		C2D6F4C17159F612F6D59CF9 /* BookMetadataEditor.swift */ = {isa = PBXFileReference; lastKnownFileType = sourcecode.swift; path = BookMetadataEditor.swift; sourceTree = "<group>"; };
		C51BAA4C17D7B1715A69D06C /* EPUBParser.swift */ = {isa = PBXFileReference; lastKnownFileType = sourcecode.swift; path = EPUBParser.swift; sourceTree = "<group>"; };
		C9E0572DB334A4316351219C /* PublicationSearchService.swift */ = {isa = PBXFileReference; lastKnownFileType = sourcecode.swift; path = PublicationSearchService.swift; sourceTree = "<group>"; };
		CECED367D1F5FBB68C89C2C5 /* LocalBookImporter.swift */ = {isa = PBXFileReference; lastKnownFileType = sourcecode.swift; path = LocalBookImporter.swift; sourceTree = "<group>"; };
		D0FA25F89C1E084F9140BA6D /* ZIPArchive.swift */ = {isa = PBXFileReference; lastKnownFileType = sourcecode.swift; path = ZIPArchive.swift; sourceTree = "<group>"; };
		D4353F25B9511ACB2A6A8144 /* Glassleaf.app */ = {isa = PBXFileReference; includeInIndex = 0; lastKnownFileType = wrapper.application; path = Glassleaf.app; sourceTree = BUILT_PRODUCTS_DIR; };
		DE21A26C830184B8B0F2CFE2 /* PreviewLibrary.swift */ = {isa = PBXFileReference; lastKnownFileType = sourcecode.swift; path = PreviewLibrary.swift; sourceTree = "<group>"; };
		FA499FF391D3BD366C109967 /* LocalLibraryRepository.swift */ = {isa = PBXFileReference; lastKnownFileType = sourcecode.swift; path = LocalLibraryRepository.swift; sourceTree = "<group>"; };
		FE862DF707A036A3A423F20C /* GlassleafApp.swift */ = {isa = PBXFileReference; lastKnownFileType = sourcecode.swift; path = GlassleafApp.swift; sourceTree = "<group>"; };
/* End PBXFileReference section */

/* Begin PBXFrameworksBuildPhase section */
		EE44B088F56E2663FAE5FCDF /* Frameworks */ = {
			isa = PBXFrameworksBuildPhase;
			buildActionMask = 2147483647;
			files = (
				6A0B08C7B299373421EA1762 /* GlassleafDomain in Frameworks */,
			);
			runOnlyForDeploymentPostprocessing = 0;
		};
/* End PBXFrameworksBuildPhase section */

/* Begin PBXGroup section */
		02C205B7A74A86659A42B740 /* Models */ = {
			isa = PBXGroup;
			children = (
				320945BB73FF5890E9635ACD /* LibraryStore.swift */,
				DE21A26C830184B8B0F2CFE2 /* PreviewLibrary.swift */,
			);
			path = Models;
			sourceTree = "<group>";
		};
		0C8D236472A7F2B692E50174 /* Services */ = {
			isa = PBXGroup;
			children = (
				C51BAA4C17D7B1715A69D06C /* EPUBParser.swift */,
				CECED367D1F5FBB68C89C2C5 /* LocalBookImporter.swift */,
				FA499FF391D3BD366C109967 /* LocalLibraryRepository.swift */,
				7A793CB4C6B40772782DBCFB /* PortableLibraryDocument.swift */,
				C9E0572DB334A4316351219C /* PublicationSearchService.swift */,
				D0FA25F89C1E084F9140BA6D /* ZIPArchive.swift */,
			);
			path = Services;
			sourceTree = "<group>";
		};
		54951888CE3558C11C62880E /* Views */ = {
			isa = PBXGroup;
			children = (
				9BC1053C83B9E783A4C790EB /* Library */,
				E62BE788B970496BBF0435D1 /* Reader */,
				DCE183D49B774F2DA215E2E4 /* Shared */,
			);
			path = Views;
			sourceTree = "<group>";
		};
		593E4C3A8E7E0ED08476CBE8 /* Products */ = {
			isa = PBXGroup;
			children = (
				D4353F25B9511ACB2A6A8144 /* Glassleaf.app */,
			);
			name = Products;
			sourceTree = "<group>";
		};
		818B966C9188B81F2AC8F5DD /* Packages */ = {
			isa = PBXGroup;
			children = (
				7314B72715874FE3CF052FDB /* domain */,
			);
			name = Packages;
			sourceTree = "<group>";
		};
		889D3591A811C683E843B9CA = {
			isa = PBXGroup;
			children = (
				818B966C9188B81F2AC8F5DD /* Packages */,
				A9CCAE4BEEBDADB3468D84EE /* Sources */,
				593E4C3A8E7E0ED08476CBE8 /* Products */,
			);
			sourceTree = "<group>";
		};
		9BC1053C83B9E783A4C790EB /* Library */ = {
			isa = PBXGroup;
			children = (
				ABD8BFE6D73C6A27679CEE88 /* BookDetailView.swift */,
				C2D6F4C17159F612F6D59CF9 /* BookMetadataEditor.swift */,
				94357B64186DB854B040E9E6 /* HomeView.swift */,
				39227AA8AC817E87BBFDC357 /* LibraryView.swift */,
				C058C58364BF8B28BA69C9A3 /* SidebarView.swift */,
			);
			path = Library;
			sourceTree = "<group>";
		};
		A9CCAE4BEEBDADB3468D84EE /* Sources */ = {
			isa = PBXGroup;
			children = (
				FAFC75CD275BD8B01B4281DC /* App */,
				02C205B7A74A86659A42B740 /* Models */,
				0C8D236472A7F2B692E50174 /* Services */,
				54951888CE3558C11C62880E /* Views */,
			);
			path = Sources;
			sourceTree = "<group>";
		};
		DCE183D49B774F2DA215E2E4 /* Shared */ = {
			isa = PBXGroup;
			children = (
				49ED142E8F28846D47550C4C /* BookComponents.swift */,
			);
			path = Shared;
			sourceTree = "<group>";
		};
		E62BE788B970496BBF0435D1 /* Reader */ = {
			isa = PBXGroup;
			children = (
				B7BBBEF3C1B73F3629AB08A7 /* EPUBContentsView.swift */,
				7B07DCBFBCC7989158C5539B /* EPUBReaderView.swift */,
				0352684D1F52DF780A508F92 /* ReaderContentsView.swift */,
				2BEEF7115371C191B9B4C635 /* ReaderSample.swift */,
				2841971642089A4E9142BBE0 /* ReaderSettingsView.swift */,
				48BE9F12990929870DBAF671 /* ReaderView.swift */,
			);
			path = Reader;
			sourceTree = "<group>";
		};
		FAFC75CD275BD8B01B4281DC /* App */ = {
			isa = PBXGroup;
			children = (
				72621FB648D03F473EE63DD5 /* AppRootView.swift */,
				FE862DF707A036A3A423F20C /* GlassleafApp.swift */,
			);
			path = App;
			sourceTree = "<group>";
		};
/* End PBXGroup section */

/* Begin PBXNativeTarget section */
		14EB1000A4BEF4B6D2FC1BB6 /* Glassleaf */ = {
			isa = PBXNativeTarget;
			buildConfigurationList = 0B1F28707D297CDB350CB3A9 /* Build configuration list for PBXNativeTarget "Glassleaf" */;
			buildPhases = (
				A1178C4E3EF1A5EBDD6830DB /* Sources */,
				EE44B088F56E2663FAE5FCDF /* Frameworks */,
			);
			buildRules = (
			);
			dependencies = (
			);
			name = Glassleaf;
			packageProductDependencies = (
				F710918C6DDF27ABBC6ECC8E /* GlassleafDomain */,
			);
			productName = Glassleaf;
			productReference = D4353F25B9511ACB2A6A8144 /* Glassleaf.app */;
			productType = "com.apple.product-type.application";
		};
/* End PBXNativeTarget section */

/* Begin PBXProject section */
		B5C57EF9D1D32043FA4803F2 /* Project object */ = {
			isa = PBXProject;
			attributes = {
				BuildIndependentTargetsInParallel = YES;
				LastUpgradeCheck = 1430;
				TargetAttributes = {
				};
			};
			buildConfigurationList = 019D733D80B85818FBB6A569 /* Build configuration list for PBXProject "Glassleaf" */;
			developmentRegion = en;
			hasScannedForEncodings = 0;
			knownRegions = (
				Base,
				en,
			);
			mainGroup = 889D3591A811C683E843B9CA;
			minimizedProjectReferenceProxies = 1;
			packageReferences = (
				2200E5934688ABE00B2CA9B8 /* XCLocalSwiftPackageReference "../../packages/domain" */,
			);
			preferredProjectObjectVersion = 77;
			productRefGroup = 593E4C3A8E7E0ED08476CBE8 /* Products */;
			projectDirPath = "";
			projectRoot = "";
			targets = (
				14EB1000A4BEF4B6D2FC1BB6 /* Glassleaf */,
			);
		};
/* End PBXProject section */

/* Begin PBXSourcesBuildPhase section */
		A1178C4E3EF1A5EBDD6830DB /* Sources */ = {
			isa = PBXSourcesBuildPhase;
			buildActionMask = 2147483647;
			files = (
				F7B887ED000A8066D110FFA9 /* AppRootView.swift in Sources */,
				EAF56C921619354548BC035E /* BookComponents.swift in Sources */,
				417DEAA268458A6541BD7C10 /* BookDetailView.swift in Sources */,
				16EC150A297EEDA3D3AF7E46 /* BookMetadataEditor.swift in Sources */,
				887F6F594441696C2C1D4CE8 /* EPUBContentsView.swift in Sources */,
				9F61AEBD09E4190657FFA2CE /* EPUBParser.swift in Sources */,
				AD01B64CE8AC681957CED21A /* EPUBReaderView.swift in Sources */,
				53D20A975A53ECD2001C0490 /* GlassleafApp.swift in Sources */,
				431BF93F57537BECB54738DA /* HomeView.swift in Sources */,
				54AAC2A7140429F4D3EB2F5D /* LibraryStore.swift in Sources */,
				F5434F5552F620E975D552E1 /* LibraryView.swift in Sources */,
				A8EB88BE901D6EAD1D09E5B0 /* LocalBookImporter.swift in Sources */,
				398D2A09D3126CAFFCFE0B00 /* LocalLibraryRepository.swift in Sources */,
				2E318871EB2FBD27F151E157 /* PortableLibraryDocument.swift in Sources */,
				F7357CD22B5F58D51741031D /* PreviewLibrary.swift in Sources */,
				0A2820723DC8B5742462D9A8 /* PublicationSearchService.swift in Sources */,
				E1956715325F3D9C4B23E35D /* ReaderContentsView.swift in Sources */,
				7B90F52883B174C6E46116C2 /* ReaderSample.swift in Sources */,
				B399D23A4B2D15C8043BAAE7 /* ReaderSettingsView.swift in Sources */,
				48386931E0AB1D0D96F463F5 /* ReaderView.swift in Sources */,
				51D335C1211D89ADEB278F05 /* SidebarView.swift in Sources */,
				8A7F33C9ED6236CF8E662D1C /* ZIPArchive.swift in Sources */,
			);
			runOnlyForDeploymentPostprocessing = 0;
		};
/* End PBXSourcesBuildPhase section */

/* Begin XCBuildConfiguration section */
		38D9E4AE97DEA92C013D0436 /* Release */ = {
			isa = XCBuildConfiguration;
			buildSettings = {
				ALWAYS_SEARCH_USER_PATHS = NO;
				CLANG_ANALYZER_NONNULL = YES;
				CLANG_ANALYZER_NUMBER_OBJECT_CONVERSION = YES_AGGRESSIVE;
				CLANG_CXX_LANGUAGE_STANDARD = "gnu++14";
				CLANG_CXX_LIBRARY = "libc++";
				CLANG_ENABLE_MODULES = YES;
				CLANG_ENABLE_OBJC_ARC = YES;
				CLANG_ENABLE_OBJC_WEAK = YES;
				CLANG_WARN_BLOCK_CAPTURE_AUTORELEASING = YES;
				CLANG_WARN_BOOL_CONVERSION = YES;
				CLANG_WARN_COMMA = YES;
				CLANG_WARN_CONSTANT_CONVERSION = YES;
				CLANG_WARN_DEPRECATED_OBJC_IMPLEMENTATIONS = YES;
				CLANG_WARN_DIRECT_OBJC_ISA_USAGE = YES_ERROR;
				CLANG_WARN_DOCUMENTATION_COMMENTS = YES;
				CLANG_WARN_EMPTY_BODY = YES;
				CLANG_WARN_ENUM_CONVERSION = YES;
				CLANG_WARN_INFINITE_RECURSION = YES;
				CLANG_WARN_INT_CONVERSION = YES;
				CLANG_WARN_NON_LITERAL_NULL_CONVERSION = YES;
				CLANG_WARN_OBJC_IMPLICIT_RETAIN_SELF = YES;
				CLANG_WARN_OBJC_LITERAL_CONVERSION = YES;
				CLANG_WARN_OBJC_ROOT_CLASS = YES_ERROR;
				CLANG_WARN_QUOTED_INCLUDE_IN_FRAMEWORK_HEADER = YES;
				CLANG_WARN_RANGE_LOOP_ANALYSIS = YES;
				CLANG_WARN_STRICT_PROTOTYPES = YES;
				CLANG_WARN_SUSPICIOUS_MOVE = YES;
				CLANG_WARN_UNGUARDED_AVAILABILITY = YES_AGGRESSIVE;
				CLANG_WARN_UNREACHABLE_CODE = YES;
				CLANG_WARN__DUPLICATE_METHOD_MATCH = YES;
				COPY_PHASE_STRIP = NO;
				DEBUG_INFORMATION_FORMAT = "dwarf-with-dsym";
				ENABLE_NS_ASSERTIONS = NO;
				ENABLE_STRICT_OBJC_MSGSEND = YES;
				GCC_C_LANGUAGE_STANDARD = gnu11;
				GCC_NO_COMMON_BLOCKS = YES;
				GCC_WARN_64_TO_32_BIT_CONVERSION = YES;
				GCC_WARN_ABOUT_RETURN_TYPE = YES_ERROR;
				GCC_WARN_UNDECLARED_SELECTOR = YES;
				GCC_WARN_UNINITIALIZED_AUTOS = YES_AGGRESSIVE;
				GCC_WARN_UNUSED_FUNCTION = YES;
				GCC_WARN_UNUSED_VARIABLE = YES;
				IPHONEOS_DEPLOYMENT_TARGET = 26.0;
				MACOSX_DEPLOYMENT_TARGET = 26.0;
				MTL_ENABLE_DEBUG_INFO = NO;
				MTL_FAST_MATH = YES;
				PRODUCT_NAME = "$(TARGET_NAME)";
				SDKROOT = auto;
				SWIFT_COMPILATION_MODE = wholemodule;
				SWIFT_OPTIMIZATION_LEVEL = "-O";
				SWIFT_VERSION = 5.0;
			};
			name = Release;
		};
		B0BB1852DE7C5032B8B6F5BF /* Debug */ = {
			isa = XCBuildConfiguration;
			buildSettings = {
				ALWAYS_SEARCH_USER_PATHS = NO;
				CLANG_ANALYZER_NONNULL = YES;
				CLANG_ANALYZER_NUMBER_OBJECT_CONVERSION = YES_AGGRESSIVE;
				CLANG_CXX_LANGUAGE_STANDARD = "gnu++14";
				CLANG_CXX_LIBRARY = "libc++";
				CLANG_ENABLE_MODULES = YES;
				CLANG_ENABLE_OBJC_ARC = YES;
				CLANG_ENABLE_OBJC_WEAK = YES;
				CLANG_WARN_BLOCK_CAPTURE_AUTORELEASING = YES;
				CLANG_WARN_BOOL_CONVERSION = YES;
				CLANG_WARN_COMMA = YES;
				CLANG_WARN_CONSTANT_CONVERSION = YES;
				CLANG_WARN_DEPRECATED_OBJC_IMPLEMENTATIONS = YES;
				CLANG_WARN_DIRECT_OBJC_ISA_USAGE = YES_ERROR;
				CLANG_WARN_DOCUMENTATION_COMMENTS = YES;
				CLANG_WARN_EMPTY_BODY = YES;
				CLANG_WARN_ENUM_CONVERSION = YES;
				CLANG_WARN_INFINITE_RECURSION = YES;
				CLANG_WARN_INT_CONVERSION = YES;
				CLANG_WARN_NON_LITERAL_NULL_CONVERSION = YES;
				CLANG_WARN_OBJC_IMPLICIT_RETAIN_SELF = YES;
				CLANG_WARN_OBJC_LITERAL_CONVERSION = YES;
				CLANG_WARN_OBJC_ROOT_CLASS = YES_ERROR;
				CLANG_WARN_QUOTED_INCLUDE_IN_FRAMEWORK_HEADER = YES;
				CLANG_WARN_RANGE_LOOP_ANALYSIS = YES;
				CLANG_WARN_STRICT_PROTOTYPES = YES;
				CLANG_WARN_SUSPICIOUS_MOVE = YES;
				CLANG_WARN_UNGUARDED_AVAILABILITY = YES_AGGRESSIVE;
				CLANG_WARN_UNREACHABLE_CODE = YES;
				CLANG_WARN__DUPLICATE_METHOD_MATCH = YES;
				COPY_PHASE_STRIP = NO;
				DEBUG_INFORMATION_FORMAT = dwarf;
				ENABLE_STRICT_OBJC_MSGSEND = YES;
				ENABLE_TESTABILITY = YES;
				GCC_C_LANGUAGE_STANDARD = gnu11;
				GCC_DYNAMIC_NO_PIC = NO;
				GCC_NO_COMMON_BLOCKS = YES;
				GCC_OPTIMIZATION_LEVEL = 0;
				GCC_PREPROCESSOR_DEFINITIONS = (
					"$(inherited)",
					"DEBUG=1",
				);
				GCC_WARN_64_TO_32_BIT_CONVERSION = YES;
				GCC_WARN_ABOUT_RETURN_TYPE = YES_ERROR;
				GCC_WARN_UNDECLARED_SELECTOR = YES;
				GCC_WARN_UNINITIALIZED_AUTOS = YES_AGGRESSIVE;
				GCC_WARN_UNUSED_FUNCTION = YES;
				GCC_WARN_UNUSED_VARIABLE = YES;
				IPHONEOS_DEPLOYMENT_TARGET = 26.0;
				MACOSX_DEPLOYMENT_TARGET = 26.0;
				MTL_ENABLE_DEBUG_INFO = INCLUDE_SOURCE;
				MTL_FAST_MATH = YES;
				ONLY_ACTIVE_ARCH = YES;
				PRODUCT_NAME = "$(TARGET_NAME)";
				SDKROOT = auto;
				SWIFT_ACTIVE_COMPILATION_CONDITIONS = DEBUG;
				SWIFT_OPTIMIZATION_LEVEL = "-Onone";
				SWIFT_VERSION = 5.0;
			};
			name = Debug;
		};
		D09ED5C27C5B13FE818B1F2A /* Debug */ = {
			isa = XCBuildConfiguration;
			buildSettings = {
				ASSETCATALOG_COMPILER_APPICON_NAME = AppIcon;
				CODE_SIGN_IDENTITY = "iPhone Developer";
				CURRENT_PROJECT_VERSION = 1;
				GENERATE_INFOPLIST_FILE = YES;
				INFOPLIST_KEY_CFBundleDisplayName = Glassleaf;
				INFOPLIST_KEY_LSApplicationCategoryType = "public.app-category.books";
				INFOPLIST_KEY_NSHumanReadableCopyright = "";
				LD_RUNPATH_SEARCH_PATHS = (
					"$(inherited)",
					"@executable_path/Frameworks",
				);
				MARKETING_VERSION = 0.1.0;
				OTHER_LDFLAGS = "$(inherited) -lsqlite3 -lz";
				PRODUCT_BUNDLE_IDENTIFIER = app.glassleaf.reader;
				PRODUCT_NAME = Glassleaf;
				SDKROOT = auto;
				SUPPORTED_PLATFORMS = "iphoneos iphonesimulator macosx";
				SUPPORTS_MACCATALYST = NO;
				SUPPORTS_MAC_DESIGNED_FOR_IPHONE_IPAD = NO;
				SUPPORTS_XR_DESIGNED_FOR_IPHONE_IPAD = YES;
				SWIFT_STRICT_CONCURRENCY = complete;
				SWIFT_VERSION = 6.0;
				TARGETED_DEVICE_FAMILY = "1,2";
			};
			name = Debug;
		};
		D7BB3D89D3757C39B91130F4 /* Release */ = {
			isa = XCBuildConfiguration;
			buildSettings = {
				ASSETCATALOG_COMPILER_APPICON_NAME = AppIcon;
				CODE_SIGN_IDENTITY = "iPhone Developer";
				CURRENT_PROJECT_VERSION = 1;
				GENERATE_INFOPLIST_FILE = YES;
				INFOPLIST_KEY_CFBundleDisplayName = Glassleaf;
				INFOPLIST_KEY_LSApplicationCategoryType = "public.app-category.books";
				INFOPLIST_KEY_NSHumanReadableCopyright = "";
				LD_RUNPATH_SEARCH_PATHS = (
					"$(inherited)",
					"@executable_path/Frameworks",
				);
				MARKETING_VERSION = 0.1.0;
				OTHER_LDFLAGS = "$(inherited) -lsqlite3 -lz";
				PRODUCT_BUNDLE_IDENTIFIER = app.glassleaf.reader;
				PRODUCT_NAME = Glassleaf;
				SDKROOT = auto;
				SUPPORTED_PLATFORMS = "iphoneos iphonesimulator macosx";
				SUPPORTS_MACCATALYST = NO;
				SUPPORTS_MAC_DESIGNED_FOR_IPHONE_IPAD = NO;
				SUPPORTS_XR_DESIGNED_FOR_IPHONE_IPAD = YES;
				SWIFT_STRICT_CONCURRENCY = complete;
				SWIFT_VERSION = 6.0;
				TARGETED_DEVICE_FAMILY = "1,2";
			};
			name = Release;
		};
/* End XCBuildConfiguration section */

/* Begin XCConfigurationList section */
		019D733D80B85818FBB6A569 /* Build configuration list for PBXProject "Glassleaf" */ = {
			isa = XCConfigurationList;
			buildConfigurations = (
				B0BB1852DE7C5032B8B6F5BF /* Debug */,
				38D9E4AE97DEA92C013D0436 /* Release */,
			);
			defaultConfigurationIsVisible = 0;
			defaultConfigurationName = Debug;
		};
		0B1F28707D297CDB350CB3A9 /* Build configuration list for PBXNativeTarget "Glassleaf" */ = {
			isa = XCConfigurationList;
			buildConfigurations = (
				D09ED5C27C5B13FE818B1F2A /* Debug */,
				D7BB3D89D3757C39B91130F4 /* Release */,
			);
			defaultConfigurationIsVisible = 0;
			defaultConfigurationName = Debug;
		};
/* End XCConfigurationList section */

/* Begin XCLocalSwiftPackageReference section */
		2200E5934688ABE00B2CA9B8 /* XCLocalSwiftPackageReference "../../packages/domain" */ = {
			isa = XCLocalSwiftPackageReference;
			relativePath = ../../packages/domain;
		};
/* End XCLocalSwiftPackageReference section */

/* Begin XCSwiftPackageProductDependency section */
		F710918C6DDF27ABBC6ECC8E /* GlassleafDomain */ = {
			isa = XCSwiftPackageProductDependency;
			productName = GlassleafDomain;
		};
/* End XCSwiftPackageProductDependency section */
	};
	rootObject = B5C57EF9D1D32043FA4803F2 /* Project object */;
}
